
Microsoft Visual Studio Solution File, Format Version 12.00
# Visual Studio Version 17
VisualStudioVersion = 17.9.34728.123
MinimumVisualStudioVersion = 10.0.40219.1
Project("{F184B08F-C81C-45F6-A57F-5ABD9991F28F}") = "cafe_unik", "cafe_unik\cafe_unik.vbproj", "{9BBDBE2F-BA39-404E-8934-5EAE2E1054C9}"
EndProject
Global
	GlobalSection(SolutionConfigurationPlatforms) = preSolution
		Debug|Any CPU = Debug|Any CPU
		Release|Any CPU = Release|Any CPU
	EndGlobalSection
	GlobalSection(ProjectConfigurationPlatforms) = postSolution
		{9BBDBE2F-BA39-404E-8934-5EAE2E1054C9}.Debug|Any CPU.ActiveCfg = Debug|Any CPU
		{9BBDBE2F-BA39-404E-8934-5EAE2E1054C9}.Debug|Any CPU.Build.0 = Debug|Any CPU
		{9BBDBE2F-BA39-404E-8934-5EAE2E1054C9}.Release|Any CPU.ActiveCfg = Release|Any CPU
		{9BBDBE2F-BA39-404E-8934-5EAE2E1054C9}.Release|Any CPU.Build.0 = Release|Any CPU
	EndGlobalSection
	GlobalSection(SolutionProperties) = preSolution
		HideSolutionNode = FALSE
	EndGlobalSection
	GlobalSection(ExtensibilityGlobals) = postSolution
		SolutionGuid = {D98EB240-46EF-4789-8BD2-623135FF1CC8}
	EndGlobalSection
EndGlobal
